PODS:
  - SensorsABTesting (0.1.1):
    - SensorsAnalyticsSDK (>= 2.1.14)
  - SensorsAnalyticsSDK (2.1.14):
    - SensorsAnalyticsSDK/Core (= 2.1.14)
  - SensorsAnalyticsSDK/Core (2.1.14)

DEPENDENCIES:
  - SensorsABTesting (from `./`)

SPEC REPOS:
  trunk:
    - SensorsAnalyticsSDK

EXTERNAL SOURCES:
  SensorsABTesting:
    :path: "./"

SPEC CHECKSUMS:
  SensorsABTesting: 2cfe791099a8fb17f4211968857626f986ac8632
  SensorsAnalyticsSDK: 511e184ee022efc0b0c61afbe6935595e5d03d8d

PODFILE CHECKSUM: 1b7a0cbf6060fbd70740be2419c32c7c419e2660

COCOAPODS: 1.9.1
